
Microsoft Visual Studio Solution File, Format Version 11.00
# Visual Studio 2010
Project("{FAE04EC0-301F-11D3-BF4B-00C04F79EFBC}") = "AgileDealApplication", "AgileDealApplication\AgileDealApplication.csproj", "{B9C0AF7E-7E3D-4416-9429-4844E59AA1E6}"
EndProject
Project("{FAE04EC0-301F-11D3-BF4B-00C04F79EFBC}") = "AgileDealServerSide", "C:\Users\Nino\Documents\Visual Studio 2010\Projects\AgileDealGameServer\AgileDealServerSide\AgileDealServerSide.csproj", "{536F9BDA-5E8C-4A40-A4B7-FAA060BE5063}"
EndProject
Global
	GlobalSection(SolutionConfigurationPlatforms) = preSolution
		Debug|Any CPU = Debug|Any CPU
		Release|Any CPU = Release|Any CPU
	EndGlobalSection
	GlobalSection(ProjectConfigurationPlatforms) = postSolution
		{B9C0AF7E-7E3D-4416-9429-4844E59AA1E6}.Debug|Any CPU.ActiveCfg = Debug|Any CPU
		{B9C0AF7E-7E3D-4416-9429-4844E59AA1E6}.Debug|Any CPU.Build.0 = Debug|Any CPU
		{B9C0AF7E-7E3D-4416-9429-4844E59AA1E6}.Release|Any CPU.ActiveCfg = Release|Any CPU
		{B9C0AF7E-7E3D-4416-9429-4844E59AA1E6}.Release|Any CPU.Build.0 = Release|Any CPU
		{536F9BDA-5E8C-4A40-A4B7-FAA060BE5063}.Debug|Any CPU.ActiveCfg = Debug|Any CPU
		{536F9BDA-5E8C-4A40-A4B7-FAA060BE5063}.Debug|Any CPU.Build.0 = Debug|Any CPU
		{536F9BDA-5E8C-4A40-A4B7-FAA060BE5063}.Release|Any CPU.ActiveCfg = Release|Any CPU
		{536F9BDA-5E8C-4A40-A4B7-FAA060BE5063}.Release|Any CPU.Build.0 = Release|Any CPU
	EndGlobalSection
	GlobalSection(SolutionProperties) = preSolution
		HideSolutionNode = FALSE
	EndGlobalSection
EndGlobal
